{
  "name": "x-ts-api-context-canceled",
  "version": "1.0.0",
  "lockfileVersion": 3,
  "requires": true,
  "packages": {
    "": {
      "name": "x-ts-api-context-canceled",
      "version": "1.0.0",
      "license": "MIT",
      "devDependencies": {
        "@types/node": "^22.20.2",
        "typescript": "^7.1.0-dev.20260910.1"
      }
    },
    "node_modules/@types/node": {
      "version": "22.20.2",
      "resolved": "https://registry.npmjs.org/@types/node/-/node-22.20.2.tgz",
      "integrity": "sha512-xlvWf4Vs9n1PEVYwP1n4vvG07M6y8WgvJ2t0vbrWTmijsIHp1cS+uJ2kMIRdY3nHZK0nCYKrPeD171+SzF4/zw==",
      "dev": true,
      "license": "MIT",
      "dependencies": {
        "undici-types": "~6.21.0"
      }
    },
    "node_modules/@typescript/typescript-darwin-arm64": {
      "version": "7.1.0-dev.20260910.1",
      "resolved": "https://registry.npmjs.org/@typescript/typescript-darwin-arm64/-/typescript-darwin-arm64-7.1.0-dev.20260910.1.tgz",
      "integrity": "sha512-TIKQ2L8HHBAqOCpuhymQcY+s9tvre2aASGPC021GBg7Z6iBBEQmJgp7RVMzR1oGLtxxBf45kJVHhBH1JIyArSg==",
      "cpu": [
        "arm64"
      ],
      "dev": true,
      "license": "Apache-2.0",
      "optional": true,
      "os": [
        "darwin"
      ],
      "engines": {
        "node": ">=16.20.0"
      }
    },
    "node_modules/@typescript/typescript-darwin-x64": {
      "version": "7.1.0-dev.20260910.1",
      "resolved": "https://registry.npmjs.org/@typescript/typescript-darwin-x64/-/typescript-darwin-x64-7.1.0-dev.20260910.1.tgz",
      "integrity": "sha512-9TxWIP6c3qjCYcns5DsHyeD9OZRLltclxAlXubGezw+fsBfuB8xn2mfEOauoM/wnECenVaXrw7g8pYhX3ohv+A==",
      "cpu": [
        "x64"
      ],
      "dev": true,
      "license": "Apache-2.0",
      "optional": true,
      "os": [
        "darwin"
      ],
      "engines": {
        "node": ">=16.20.0"
      }
    },
    "node_modules/@typescript/typescript-linux-arm": {
      "version": "7.1.0-dev.20260910.1",
      "resolved": "https://registry.npmjs.org/@typescript/typescript-linux-arm/-/typescript-linux-arm-7.1.0-dev.20260910.1.tgz",
      "integrity": "sha512-2nh+U5fO6rAR/en5yMXv1k2NAnpslJ93kKgnteYtB3A7EmFXGphtssdRgdi/ZGtlUauyiqU1Xpg5xVFFr419gg==",
      "cpu": [
        "arm"
      ],
      "dev": true,
      "license": "Apache-2.0",
      "optional": true,
      "os": [
        "linux"
      ],
      "engines": {
        "node": ">=16.20.0"
      }
    },
    "node_modules/@typescript/typescript-linux-arm64": {
      "version": "7.1.0-dev.20260910.1",
      "resolved": "https://registry.npmjs.org/@typescript/typescript-linux-arm64/-/typescript-linux-arm64-7.1.0-dev.20260910.1.tgz",
      "integrity": "sha512-So6cMxSt/5n27aDJ+VOI9MRjSkRXLsNLgQPPcZvCkj6kOO0YnQNJYkUzMMhK394RTsZLRIkpDgz6S1hf6Ub7Nw==",
      "cpu": [
        "arm64"
      ],
      "dev": true,
      "license": "Apache-2.0",
      "optional": true,
      "os": [
        "linux"
      ],
      "engines": {
        "node": ">=16.20.0"
      }
    },
    "node_modules/@typescript/typescript-linux-x64": {
      "version": "7.1.0-dev.20260910.1",
      "resolved": "https://registry.npmjs.org/@typescript/typescript-linux-x64/-/typescript-linux-x64-7.1.0-dev.20260910.1.tgz",
      "integrity": "sha512-1X82pV5yhMJlP+fkAvF5QDL31lyWKzYtapgmyfbYjxZRA4Fn1QQynXsxc9iGK5r7KVh55vC0LJtULJ9UY1U/nA==",
      "cpu": [
        "x64"
      ],
      "dev": true,
      "license": "Apache-2.0",
      "optional": true,
      "os": [
        "linux"
      ],
      "engines": {
        "node": ">=16.20.0"
      }
    },
    "node_modules/@typescript/typescript-win32-arm64": {
      "version": "7.1.0-dev.20260910.1",
      "resolved": "https://registry.npmjs.org/@typescript/typescript-win32-arm64/-/typescript-win32-arm64-7.1.0-dev.20260910.1.tgz",
      "integrity": "sha512-njRweFbEwXSAZF1xGgSBXYar/7FC7/euSRdxcOBlbD0CVCN+IQCz3suMcIIZAAW2B4TMYLq+ngFrruKEGJGH9Q==",
      "cpu": [
        "arm64"
      ],
      "dev": true,
      "license": "Apache-2.0",
      "optional": true,
      "os": [
        "win32"
      ],
      "engines": {
        "node": ">=16.20.0"
      }
    },
    "node_modules/@typescript/typescript-win32-x64": {
      "version": "7.1.0-dev.20260910.1",
      "resolved": "https://registry.npmjs.org/@typescript/typescript-win32-x64/-/typescript-win32-x64-7.1.0-dev.20260910.1.tgz",
      "integrity": "sha512-NyqNbtpK2cG7IF7HDxgf8WIVdHdtzNeuhHcIjzQGKOc9Pirc4WFY2keZ4AWwmzkH9QrrnvrEXYiD5QVWwkcHgw==",
      "cpu": [
        "x64"
      ],
      "dev": true,
      "license": "Apache-2.0",
      "optional": true,
      "os": [
        "win32"
      ],
      "engines": {
        "node": ">=16.20.0"
      }
    },
    "node_modules/typescript": {
      "version": "7.1.0-dev.20260910.1",
      "resolved": "https://registry.npmjs.org/typescript/-/typescript-7.1.0-dev.20260910.1.tgz",
      "integrity": "sha512-R+6MjHFaCUkXDTff98Soti0KEQK0ueobU+OgNzCH2cu0M03mpa+fHo102inE1o+ND5Rtv86kGOw704H5PnuAuA==",
      "dev": true,
      "license": "Apache-2.0",
      "bin": {
        "tsc": "bin/tsc"
      },
      "engines": {
        "node": ">=16.20.0"
      },
      "optionalDependencies": {
        "@typescript/typescript-darwin-arm64": "7.1.0-dev.20260910.1",
        "@typescript/typescript-darwin-x64": "7.1.0-dev.20260910.1",
        "@typescript/typescript-linux-arm": "7.1.0-dev.20260910.1",
        "@typescript/typescript-linux-arm64": "7.1.0-dev.20260910.1",
        "@typescript/typescript-linux-x64": "7.1.0-dev.20260910.1",
        "@typescript/typescript-win32-arm64": "7.1.0-dev.20260910.1",
        "@typescript/typescript-win32-x64": "7.1.0-dev.20260910.1"
      }
    },
    "node_modules/undici-types": {
      "version": "6.21.0",
      "resolved": "https://registry.npmjs.org/undici-types/-/undici-types-6.21.0.tgz",
      "integrity": "sha512-iwDZqg0QAGrg9Rav5H4n0M64c3mkR59cJ6wQp+7C4nI0gsmExaedaYLNO44eT4AtBBwjbTiGPMlt2Md0T9H9JQ==",
      "dev": true,
      "license": "MIT"
    }
  }
}
